dependencies:
  solid-app-router: 0.0.32_solid-js@0.24.13
  solid-js: 0.24.13
  solid-meta: 0.24.13_solid-js@0.24.13
  solid-utils: 0.4.1
devDependencies:
  vite: 2.0.5
lockfileVersion: 5.2
packages:
  /colorette/1.2.2:
    dev: true
    resolution:
      integrity: sha512-MKGMzyfeuutC/ZJ1cba9NqcNpfeqMUcYmyF1ZFY6/Cn7CNSAKx6a+s48sqLqyAiZuaP2TcqMhoo+dlwFnVxT9w==
  /esbuild/0.8.57:
    dev: true
    hasBin: true
    requiresBuild: true
    resolution:
      integrity: sha512-j02SFrUwFTRUqiY0Kjplwjm1psuzO1d6AjaXKuOR9hrY0HuPsT6sV42B6myW34h1q4CRy+Y3g4RU/cGJeI/nNA==
  /fsevents/2.3.2:
    dev: true
    engines:
      node: ^8.16.0 || ^10.6.0 || >=11.0.0
    optional: true
    os:
      - darwin
    resolution:
      integrity: sha512-xiqMQR4xAeHTuB9uWm+fFRcIOgKBMiOBP+eXiyT7jsgVCq1bkVygt00oASowB7EdtpOHaaPgKt812P9ab+DDKA==
  /function-bind/1.1.1:
    dev: true
    resolution:
      integrity: sha512-yIovAzMX49sF8Yl58fSCWJ5svSLuaibPxXQJFLmBObTuCr0Mf1KiPopGM9NiFjiYBCbfaa2Fh6breQ6ANVTI0A==
  /has/1.0.3:
    dependencies:
      function-bind: 1.1.1
    dev: true
    engines:
      node: '>= 0.4.0'
    resolution:
      integrity: sha512-f2dvO0VU6Oej7RkWJGrehjbzMAjFp5/VKPp5tTpWIV4JHHZK1/BxbFRtf/siA2SWTe09caDmVtYYzWEIbBS4zw==
  /is-core-module/2.2.0:
    dependencies:
      has: 1.0.3
    dev: true
    resolution:
      integrity: sha512-XRAfAdyyY5F5cOXn7hYQDqh2Xmii+DEfIcQGxK/uNwMHhIkPWO0g8msXcbzLe+MpGoR951MlqM/2iIlU4vKDdQ==
  /nanoid/3.1.20:
    dev: true
    engines:
      node: ^10 || ^12 || ^13.7 || ^14 || >=15.0.1
    hasBin: true
    resolution:
      integrity: sha512-a1cQNyczgKbLX9jwbS/+d7W8fX/RfgYR7lVWwWOGIPNgK2m0MWvrGF6/m4kk6U3QcFMnZf3RIhL0v2Jgh/0Uxw==
  /path-parse/1.0.6:
    dev: true
    resolution:
      integrity: sha512-GSmOT2EbHrINBf9SR7CDELwlJ8AENk3Qn7OikK4nFYAu3Ote2+JYNVvkpAEQm3/TLNEJFD/xZJjzyxg3KBWOzw==
  /postcss/8.2.7:
    dependencies:
      colorette: 1.2.2
      nanoid: 3.1.20
      source-map: 0.6.1
    dev: true
    engines:
      node: ^10 || ^12 || >=14
    resolution:
      integrity: sha512-DsVLH3xJzut+VT+rYr0mtvOtpTjSyqDwPf5EZWXcb0uAKfitGpTY9Ec+afi2+TgdN8rWS9Cs88UDYehKo/RvOw==
  /resolve/1.20.0:
    dependencies:
      is-core-module: 2.2.0
      path-parse: 1.0.6
    dev: true
    resolution:
      integrity: sha512-wENBPt4ySzg4ybFQW2TT1zMQucPK95HSh/nq2CFTZVOGut2+pQvSsgtda4d26YrYcr067wjbmzOG8byDPBX63A==
  /rollup/2.41.0:
    dev: true
    engines:
      node: '>=10.0.0'
    hasBin: true
    optionalDependencies:
      fsevents: 2.3.2
    resolution:
      integrity: sha512-Gk76XHTggulWPH95q8V62bw6uqDH6UGvbD6LOa3QUyhuMF3eOuaeDHR7SLm1T9faitkpNrqzUAVYx47klcMnlA==
  /solid-app-router/0.0.32_solid-js@0.24.13:
    dependencies:
      solid-js: 0.24.13
    dev: false
    peerDependencies:
      solid-js: ^0.24.0
    resolution:
      integrity: sha512-CPNZ5GIJJS8q32gK/90I5CVVq9wBDhPMDcwIj2In7IpMFLS65Ez+cUm0SfbhAhNi30JKFLjVoecRikNys0Crfg==
  /solid-js/0.24.13:
    dev: false
    resolution:
      integrity: sha512-eFuKAAIzsuwPI4DuUj6Kuf5IFM4wzrQMffuwY/5bdnR4N+b+8CELmLox+9yyOaV4IhmoUVB+APt2ZQ1vOjSUhw==
  /solid-meta/0.24.13_solid-js@0.24.13:
    dependencies:
      solid-js: 0.24.13
    dev: false
    peerDependencies:
      solid-js: ^0.24.0
    resolution:
      integrity: sha512-0MU9OR/SSV1cX0QAgMZoBMjAAEZhIeU5wQFjJ7sL/1BI1wt5VePYbpdYViyjIweJDU94+YnNzU5GgGQtrY3FUQ==
  /solid-utils/0.4.1:
    dependencies:
      solid-js: 0.24.13
    dev: false
    resolution:
      integrity: sha512-dCnRngwrtJo8ZMT/k/vc2bapTfol0gOlu3/SCw5wifEZp97X3n17BK73gC+cjUEWwV0QOgSGgjYb3P+8OYPQcA==
  /source-map/0.6.1:
    dev: true
    engines:
      node: '>=0.10.0'
    resolution:
      integrity: sha512-UjgapumWlbMhkBgzT7Ykc5YXUT46F0iKu8SGXq0bcwP5dz/h0Plj6enJqjz1Zbq2l5WaqYnrVbwWOWMyF3F47g==
  /vite/2.0.5:
    dependencies:
      esbuild: 0.8.57
      postcss: 8.2.7
      resolve: 1.20.0
      rollup: 2.41.0
    dev: true
    engines:
      node: '>=12.0.0'
    hasBin: true
    optionalDependencies:
      fsevents: 2.3.2
    resolution:
      integrity: sha512-QTgEDbq1WsTtr6j+++ewjhBFEk6c8v0xz4fb/OWJQKNYU8ZZtphOshwOqAlnarSstPBtWCBR0tsugXx6ajfoUg==
specifiers:
  solid-app-router: ^0.0.32
  solid-js: ^0.24.13
  solid-meta: ^0.24.13
  solid-utils: ^0.4.1
  vite: ^2.0.5
