dependencies:
  solid-app-router: 0.0.29_solid-js@0.24.10
  solid-js: 0.24.10
  solid-meta: 0.24.10_solid-js@0.24.10
  solid-utils: 0.4.1
devDependencies:
  vite: 2.0.4
lockfileVersion: 5.2
packages:
  /colorette/1.2.2:
    dev: true
    resolution:
      integrity: sha512-MKGMzyfeuutC/ZJ1cba9NqcNpfeqMUcYmyF1ZFY6/Cn7CNSAKx6a+s48sqLqyAiZuaP2TcqMhoo+dlwFnVxT9w==
  /esbuild/0.8.54:
    dev: true
    hasBin: true
    requiresBuild: true
    resolution:
      integrity: sha512-DJH38OiTgXJxFb/EhHrCrY8eGmtdkTtWymHpN9IYN9AF+4jykT0dQArr7wzFejpVbaB0TMIq2+vfNRWr3LXpvw==
  /fsevents/2.3.2:
    dev: true
    engines:
      node: ^8.16.0 || ^10.6.0 || >=11.0.0
    optional: true
    os:
      - darwin
    resolution:
      integrity: sha512-xiqMQR4xAeHTuB9uWm+fFRcIOgKBMiOBP+eXiyT7jsgVCq1bkVygt00oASowB7EdtpOHaaPgKt812P9ab+DDKA==
  /function-bind/1.1.1:
    dev: true
    resolution:
      integrity: sha512-yIovAzMX49sF8Yl58fSCWJ5svSLuaibPxXQJFLmBObTuCr0Mf1KiPopGM9NiFjiYBCbfaa2Fh6breQ6ANVTI0A==
  /has/1.0.3:
    dependencies:
      function-bind: 1.1.1
    dev: true
    engines:
      node: '>= 0.4.0'
    resolution:
      integrity: sha512-f2dvO0VU6Oej7RkWJGrehjbzMAjFp5/VKPp5tTpWIV4JHHZK1/BxbFRtf/siA2SWTe09caDmVtYYzWEIbBS4zw==
  /is-core-module/2.2.0:
    dependencies:
      has: 1.0.3
    dev: true
    resolution:
      integrity: sha512-XRAfAdyyY5F5cOXn7hYQDqh2Xmii+DEfIcQGxK/uNwMHhIkPWO0g8msXcbzLe+MpGoR951MlqM/2iIlU4vKDdQ==
  /nanoid/3.1.20:
    dev: true
    engines:
      node: ^10 || ^12 || ^13.7 || ^14 || >=15.0.1
    hasBin: true
    resolution:
      integrity: sha512-a1cQNyczgKbLX9jwbS/+d7W8fX/RfgYR7lVWwWOGIPNgK2m0MWvrGF6/m4kk6U3QcFMnZf3RIhL0v2Jgh/0Uxw==
  /path-parse/1.0.6:
    dev: true
    resolution:
      integrity: sha512-GSmOT2EbHrINBf9SR7CDELwlJ8AENk3Qn7OikK4nFYAu3Ote2+JYNVvkpAEQm3/TLNEJFD/xZJjzyxg3KBWOzw==
  /postcss/8.2.6:
    dependencies:
      colorette: 1.2.2
      nanoid: 3.1.20
      source-map: 0.6.1
    dev: true
    engines:
      node: ^10 || ^12 || >=14
    resolution:
      integrity: sha512-xpB8qYxgPuly166AGlpRjUdEYtmOWx2iCwGmrv4vqZL9YPVviDVPZPRXxnXr6xPZOdxQ9lp3ZBFCRgWJ7LE3Sg==
  /resolve/1.20.0:
    dependencies:
      is-core-module: 2.2.0
      path-parse: 1.0.6
    dev: true
    resolution:
      integrity: sha512-wENBPt4ySzg4ybFQW2TT1zMQucPK95HSh/nq2CFTZVOGut2+pQvSsgtda4d26YrYcr067wjbmzOG8byDPBX63A==
  /rollup/2.40.0:
    dev: true
    engines:
      node: '>=10.0.0'
    hasBin: true
    optionalDependencies:
      fsevents: 2.3.2
    resolution:
      integrity: sha512-WiOGAPbXoHu+TOz6hyYUxIksOwsY/21TRWoO593jgYt8mvYafYqQl+axaA8y1z2HFazNUUrsMSjahV2A6/2R9A==
  /solid-app-router/0.0.29_solid-js@0.24.10:
    dependencies:
      solid-js: 0.24.10
    dev: false
    peerDependencies:
      solid-js: ^0.24.0
    resolution:
      integrity: sha512-WBAy2/CRYQelTCcJUBs986Rwgd+/Zm1ZuGtGImdcVQf21mObE+KFBENbPM2ghuT3PiKWcSfALwtVftydM+rYhQ==
  /solid-js/0.24.10:
    dev: false
    resolution:
      integrity: sha512-Nes+5kARPtan6M7fOZYZKiUdVd5iJbh1N4HndPuIVoWLulftykqwDyW3/FdrKfkuE70rv1uJdTDdLSVBSkeHWA==
  /solid-meta/0.24.10_solid-js@0.24.10:
    dependencies:
      solid-js: 0.24.10
    dev: false
    peerDependencies:
      solid-js: ^0.24.0
    resolution:
      integrity: sha512-SHn9Q1LbgVHHNseXl7ahWGmzqGwUMg4iAMHJRfo6emo8eHph+yS6kuvbF+pqcbWqrylwLYSUVPcU4aBqJGaShA==
  /solid-utils/0.4.1:
    dependencies:
      solid-js: 0.24.10
    dev: false
    resolution:
      integrity: sha512-dCnRngwrtJo8ZMT/k/vc2bapTfol0gOlu3/SCw5wifEZp97X3n17BK73gC+cjUEWwV0QOgSGgjYb3P+8OYPQcA==
  /source-map/0.6.1:
    dev: true
    engines:
      node: '>=0.10.0'
    resolution:
      integrity: sha512-UjgapumWlbMhkBgzT7Ykc5YXUT46F0iKu8SGXq0bcwP5dz/h0Plj6enJqjz1Zbq2l5WaqYnrVbwWOWMyF3F47g==
  /vite/2.0.4:
    dependencies:
      esbuild: 0.8.54
      postcss: 8.2.6
      resolve: 1.20.0
      rollup: 2.40.0
    dev: true
    engines:
      node: '>=12.0.0'
    hasBin: true
    optionalDependencies:
      fsevents: 2.3.2
    resolution:
      integrity: sha512-+PP89D7AKXFE4gps8c5+4eP5yXTh5qCogjdYX7iSsIxbLZAa26JoGSq6OLk0qdb/fqDh7gtJqGiLbG2V6NvkKQ==
specifiers:
  solid-app-router: ^0.0.29
  solid-js: ^0.24.10
  solid-meta: ^0.24.10
  solid-utils: ^0.4.1
  vite: ^2.0.4
